
Microsoft Visual Studio Solution File, Format Version 12.00
# Visual Studio Version 17
VisualStudioVersion = 17.0.31903.59
MinimumVisualStudioVersion = 10.0.40219.1
Project("{2150E333-8FDC-42A3-9474-1A3956D46DE8}") = "src", "src", "{827E0CD3-B72D-47B6-A68D-7590B98EB39B}"
EndProject
Project("{FAE04EC0-301F-11D3-BF4B-00C04F79EFBC}") = "API", "src\API\API.csproj", "{47E29DF0-8345-4589-B70B-BDBD781E2FA2}"
EndProject
Project("{2150E333-8FDC-42A3-9474-1A3956D46DE8}") = "test", "test", "{0C88DD14-F956-CE84-757C-A364CCF449FC}"
EndProject
Project("{FAE04EC0-301F-11D3-BF4B-00C04F79EFBC}") = "API.UnitTest", "test\API.UnitTest\API.UnitTest.csproj", "{B63E2338-7F65-401D-B2A5-A03983098869}"
EndProject
Global
	GlobalSection(SolutionConfigurationPlatforms) = preSolution
		Debug|Any CPU = Debug|Any CPU
		Release|Any CPU = Release|Any CPU
	EndGlobalSection
	GlobalSection(ProjectConfigurationPlatforms) = postSolution
		{47E29DF0-8345-4589-B70B-BDBD781E2FA2}.Debug|Any CPU.ActiveCfg = Debug|Any CPU
		{47E29DF0-8345-4589-B70B-BDBD781E2FA2}.Debug|Any CPU.Build.0 = Debug|Any CPU
		{47E29DF0-8345-4589-B70B-BDBD781E2FA2}.Release|Any CPU.ActiveCfg = Release|Any CPU
		{47E29DF0-8345-4589-B70B-BDBD781E2FA2}.Release|Any CPU.Build.0 = Release|Any CPU
		{B63E2338-7F65-401D-B2A5-A03983098869}.Debug|Any CPU.ActiveCfg = Debug|Any CPU
		{B63E2338-7F65-401D-B2A5-A03983098869}.Debug|Any CPU.Build.0 = Debug|Any CPU
		{B63E2338-7F65-401D-B2A5-A03983098869}.Release|Any CPU.ActiveCfg = Release|Any CPU
		{B63E2338-7F65-401D-B2A5-A03983098869}.Release|Any CPU.Build.0 = Release|Any CPU
	EndGlobalSection
	GlobalSection(SolutionProperties) = preSolution
		HideSolutionNode = FALSE
	EndGlobalSection
	GlobalSection(NestedProjects) = preSolution
		{47E29DF0-8345-4589-B70B-BDBD781E2FA2} = {827E0CD3-B72D-47B6-A68D-7590B98EB39B}
		{B63E2338-7F65-401D-B2A5-A03983098869} = {0C88DD14-F956-CE84-757C-A364CCF449FC}
	EndGlobalSection
EndGlobal
